// !$*UTF8*$!
{
	archiveVersion = 1;
	classes = {
	};
	objectVersion = 56;
	objects = {

/* Begin PBXBuildFile section */
		5AD358E129DAC00F0035E1D3 /* DonutChart.swift in Sources */ = {isa = PBXBuildFile; fileRef = 5AD358E029DAC00F0035E1D3 /* DonutChart.swift */; };
		5AD358E329DAC0520035E1D3 /* ChartData.swift in Sources */ = {isa = PBXBuildFile; fileRef = 5AD358E229DAC0520035E1D3 /* ChartData.swift */; };
		5AD358E529DAC8A10035E1D3 /* Color.swift in Sources */ = {isa = PBXBuildFile; fileRef = 5AD358E429DAC8A10035E1D3 /* Color.swift */; };
		5AD358E829DACB0B0035E1D3 /* Helper.swift in Sources */ = {isa = PBXBuildFile; fileRef = 5AD358E729DACB0B0035E1D3 /* Helper.swift */; };
		5AD358EA29DAD3A30035E1D3 /* TagLayout.swift in Sources */ = {isa = PBXBuildFile; fileRef = 5AD358E929DAD3A30035E1D3 /* TagLayout.swift */; };
		5AD358ED29DADAB70035E1D3 /* UserService.swift in Sources */ = {isa = PBXBuildFile; fileRef = 5AD358EC29DADAB70035E1D3 /* UserService.swift */; };
		5AD358EF29DAE30C0035E1D3 /* CategoriesTagsView.swift in Sources */ = {isa = PBXBuildFile; fileRef = 5AD358EE29DAE30C0035E1D3 /* CategoriesTagsView.swift */; };
		5AD358F229DAF29A0035E1D3 /* CreateCategoryView.swift in Sources */ = {isa = PBXBuildFile; fileRef = 5AD358F129DAF29A0035E1D3 /* CreateCategoryView.swift */; };
		5AD358F629DB0CA00035E1D3 /* CategoryTagsView.swift in Sources */ = {isa = PBXBuildFile; fileRef = 5AD358F529DB0CA00035E1D3 /* CategoryTagsView.swift */; };
		5AD358F929DB19800035E1D3 /* Algorithms in Frameworks */ = {isa = PBXBuildFile; productRef = 5AD358F829DB19800035E1D3 /* Algorithms */; };
		5AD358FB29DC33AD0035E1D3 /* TransactionNavigationTabView.swift in Sources */ = {isa = PBXBuildFile; fileRef = 5AD358FA29DC33AD0035E1D3 /* TransactionNavigationTabView.swift */; };
		5AD358FD29DC38B90035E1D3 /* TransactionStatData.swift in Sources */ = {isa = PBXBuildFile; fileRef = 5AD358FC29DC38B90035E1D3 /* TransactionStatData.swift */; };
		5AD358FF29DC3E9C0035E1D3 /* TransactionsListView.swift in Sources */ = {isa = PBXBuildFile; fileRef = 5AD358FE29DC3E9C0035E1D3 /* TransactionsListView.swift */; };
		5AD3590229DC595B0035E1D3 /* CustomDatePickerView.swift in Sources */ = {isa = PBXBuildFile; fileRef = 5AD3590129DC595B0035E1D3 /* CustomDatePickerView.swift */; };
		5AD3590529DC5ADB0035E1D3 /* SheetDatePicker.swift in Sources */ = {isa = PBXBuildFile; fileRef = 5AD3590429DC5ADB0035E1D3 /* SheetDatePicker.swift */; };
		5ADA553629D6E8F2007FE8C4 /* Finances_HelperApp.swift in Sources */ = {isa = PBXBuildFile; fileRef = 5ADA553529D6E8F2007FE8C4 /* Finances_HelperApp.swift */; };
		5ADA553829D6E8F2007FE8C4 /* ContentView.swift in Sources */ = {isa = PBXBuildFile; fileRef = 5ADA553729D6E8F2007FE8C4 /* ContentView.swift */; };
		5ADA553A29D6E8F4007FE8C4 /* Assets.xcassets in Resources */ = {isa = PBXBuildFile; fileRef = 5ADA553929D6E8F4007FE8C4 /* Assets.xcassets */; };
		5ADA553D29D6E8F4007FE8C4 /* Preview Assets.xcassets in Resources */ = {isa = PBXBuildFile; fileRef = 5ADA553C29D6E8F4007FE8C4 /* Preview Assets.xcassets */; };
		5ADA554A29D6E944007FE8C4 /* CoreData+Extansions.swift in Sources */ = {isa = PBXBuildFile; fileRef = 5ADA554929D6E944007FE8C4 /* CoreData+Extansions.swift */; };
		5ADA554C29D6E961007FE8C4 /* PersistenceController.swift in Sources */ = {isa = PBXBuildFile; fileRef = 5ADA554B29D6E961007FE8C4 /* PersistenceController.swift */; };
		5ADA555029D6E972007FE8C4 /* CoreDataContainer.xcdatamodeld in Sources */ = {isa = PBXBuildFile; fileRef = 5ADA554E29D6E972007FE8C4 /* CoreDataContainer.xcdatamodeld */; };
		5ADA555229D6E995007FE8C4 /* CoreDataManager.swift in Sources */ = {isa = PBXBuildFile; fileRef = 5ADA555129D6E995007FE8C4 /* CoreDataManager.swift */; };
		5ADA555529D6F499007FE8C4 /* TransactionEntity.swift in Sources */ = {isa = PBXBuildFile; fileRef = 5ADA555429D6F499007FE8C4 /* TransactionEntity.swift */; };
		5ADA555829D6F5AC007FE8C4 /* Date+ext.swift in Sources */ = {isa = PBXBuildFile; fileRef = 5ADA555729D6F5AC007FE8C4 /* Date+ext.swift */; };
		5ADA555A29D70598007FE8C4 /* AccountEntity+Ext.swift in Sources */ = {isa = PBXBuildFile; fileRef = 5ADA555929D70598007FE8C4 /* AccountEntity+Ext.swift */; };
		5ADA555C29D70818007FE8C4 /* UserEntity.swift in Sources */ = {isa = PBXBuildFile; fileRef = 5ADA555B29D70818007FE8C4 /* UserEntity.swift */; };
		5ADA555E29D70B75007FE8C4 /* TransactionStore.swift in Sources */ = {isa = PBXBuildFile; fileRef = 5ADA555D29D70B75007FE8C4 /* TransactionStore.swift */; };
		5ADA556029D70C70007FE8C4 /* RootViewModel.swift in Sources */ = {isa = PBXBuildFile; fileRef = 5ADA555F29D70C70007FE8C4 /* RootViewModel.swift */; };
		5ADA556329D70E11007FE8C4 /* RootView.swift in Sources */ = {isa = PBXBuildFile; fileRef = 5ADA556229D70E11007FE8C4 /* RootView.swift */; };
		5ADA556629D70E51007FE8C4 /* Preview.swift in Sources */ = {isa = PBXBuildFile; fileRef = 5ADA556529D70E51007FE8C4 /* Preview.swift */; };
		5ADA556929D7105C007FE8C4 /* CurrencyView.swift in Sources */ = {isa = PBXBuildFile; fileRef = 5ADA556829D7105C007FE8C4 /* CurrencyView.swift */; };
		5ADA556F29D710BA007FE8C4 /* Currency.swift in Sources */ = {isa = PBXBuildFile; fileRef = 5ADA556E29D710BA007FE8C4 /* Currency.swift */; };
		5ADA557129D71137007FE8C4 /* Double.swift in Sources */ = {isa = PBXBuildFile; fileRef = 5ADA557029D71137007FE8C4 /* Double.swift */; };
		5ADA557529D7176A007FE8C4 /* LineProgressView.swift in Sources */ = {isa = PBXBuildFile; fileRef = 5ADA557329D7176A007FE8C4 /* LineProgressView.swift */; };
		5ADA557629D7176A007FE8C4 /* CircleProgressView.swift in Sources */ = {isa = PBXBuildFile; fileRef = 5ADA557429D7176A007FE8C4 /* CircleProgressView.swift */; };
		5ADA557929D71A13007FE8C4 /* StatsView.swift in Sources */ = {isa = PBXBuildFile; fileRef = 5ADA557829D71A13007FE8C4 /* StatsView.swift */; };
		5ADA557C29D71BB9007FE8C4 /* PieChartsView.swift in Sources */ = {isa = PBXBuildFile; fileRef = 5ADA557B29D71BB9007FE8C4 /* PieChartsView.swift */; };
		5ADA557F29D71BFE007FE8C4 /* PieSlice.swift in Sources */ = {isa = PBXBuildFile; fileRef = 5ADA557E29D71BFD007FE8C4 /* PieSlice.swift */; };
		5ADA558129D727D9007FE8C4 /* View+Ext.swift in Sources */ = {isa = PBXBuildFile; fileRef = 5ADA558029D727D9007FE8C4 /* View+Ext.swift */; };
		5ADA558329D72C31007FE8C4 /* CategoryEntity.swift in Sources */ = {isa = PBXBuildFile; fileRef = 5ADA558229D72C31007FE8C4 /* CategoryEntity.swift */; };
		5ADA558529D72D0A007FE8C4 /* CategoriesStore.swift in Sources */ = {isa = PBXBuildFile; fileRef = 5ADA558429D72D0A007FE8C4 /* CategoriesStore.swift */; };
		5ADA558829D7358C007FE8C4 /* CreateTransactionView.swift in Sources */ = {isa = PBXBuildFile; fileRef = 5ADA558729D7358C007FE8C4 /* CreateTransactionView.swift */; };
		5ADA558A29D7361E007FE8C4 /* TransactionType.swift in Sources */ = {isa = PBXBuildFile; fileRef = 5ADA558929D7361E007FE8C4 /* TransactionType.swift */; };
		5ADA558C29D736EE007FE8C4 /* String.swift in Sources */ = {isa = PBXBuildFile; fileRef = 5ADA558B29D736EE007FE8C4 /* String.swift */; };
		5ADA558F29D7378D007FE8C4 /* NumberTextField.swift in Sources */ = {isa = PBXBuildFile; fileRef = 5ADA558E29D7378D007FE8C4 /* NumberTextField.swift */; };
		5ADA559129D737B8007FE8C4 /* CreateTransactionViewModel.swift in Sources */ = {isa = PBXBuildFile; fileRef = 5ADA559029D737B8007FE8C4 /* CreateTransactionViewModel.swift */; };
/* End PBXBuildFile section */

/* Begin PBXFileReference section */
		5AD358E029DAC00F0035E1D3 /* DonutChart.swift */ = {isa = PBXFileReference; lastKnownFileType = sourcecode.swift; path = DonutChart.swift; sourceTree = "<group>"; };
		5AD358E229DAC0520035E1D3 /* ChartData.swift */ = {isa = PBXFileReference; lastKnownFileType = sourcecode.swift; path = ChartData.swift; sourceTree = "<group>"; };
		5AD358E429DAC8A10035E1D3 /* Color.swift */ = {isa = PBXFileReference; lastKnownFileType = sourcecode.swift; path = Color.swift; sourceTree = "<group>"; };
		5AD358E729DACB0B0035E1D3 /* Helper.swift */ = {isa = PBXFileReference; lastKnownFileType = sourcecode.swift; path = Helper.swift; sourceTree = "<group>"; };
		5AD358E929DAD3A30035E1D3 /* TagLayout.swift */ = {isa = PBXFileReference; lastKnownFileType = sourcecode.swift; path = TagLayout.swift; sourceTree = "<group>"; };
		5AD358EC29DADAB70035E1D3 /* UserService.swift */ = {isa = PBXFileReference; lastKnownFileType = sourcecode.swift; path = UserService.swift; sourceTree = "<group>"; };
		5AD358EE29DAE30C0035E1D3 /* CategoriesTagsView.swift */ = {isa = PBXFileReference; lastKnownFileType = sourcecode.swift; path = CategoriesTagsView.swift; sourceTree = "<group>"; };
		5AD358F129DAF29A0035E1D3 /* CreateCategoryView.swift */ = {isa = PBXFileReference; lastKnownFileType = sourcecode.swift; path = CreateCategoryView.swift; sourceTree = "<group>"; };
		5AD358F529DB0CA00035E1D3 /* CategoryTagsView.swift */ = {isa = PBXFileReference; lastKnownFileType = sourcecode.swift; path = CategoryTagsView.swift; sourceTree = "<group>"; };
		5AD358FA29DC33AD0035E1D3 /* TransactionNavigationTabView.swift */ = {isa = PBXFileReference; lastKnownFileType = sourcecode.swift; path = TransactionNavigationTabView.swift; sourceTree = "<group>"; };
		5AD358FC29DC38B90035E1D3 /* TransactionStatData.swift */ = {isa = PBXFileReference; lastKnownFileType = sourcecode.swift; path = TransactionStatData.swift; sourceTree = "<group>"; };
		5AD358FE29DC3E9C0035E1D3 /* TransactionsListView.swift */ = {isa = PBXFileReference; lastKnownFileType = sourcecode.swift; path = TransactionsListView.swift; sourceTree = "<group>"; };
		5AD3590129DC595B0035E1D3 /* CustomDatePickerView.swift */ = {isa = PBXFileReference; lastKnownFileType = sourcecode.swift; path = CustomDatePickerView.swift; sourceTree = "<group>"; };
		5AD3590429DC5ADB0035E1D3 /* SheetDatePicker.swift */ = {isa = PBXFileReference; lastKnownFileType = sourcecode.swift; path = SheetDatePicker.swift; sourceTree = "<group>"; };
		5ADA553229D6E8F2007FE8C4 /* Finances Helper.app */ = {isa = PBXFileReference; explicitFileType = wrapper.application; includeInIndex = 0; path = "Finances Helper.app"; sourceTree = BUILT_PRODUCTS_DIR; };
		5ADA553529D6E8F2007FE8C4 /* Finances_HelperApp.swift */ = {isa = PBXFileReference; lastKnownFileType = sourcecode.swift; path = Finances_HelperApp.swift; sourceTree = "<group>"; };
		5ADA553729D6E8F2007FE8C4 /* ContentView.swift */ = {isa = PBXFileReference; lastKnownFileType = sourcecode.swift; path = ContentView.swift; sourceTree = "<group>"; };
		5ADA553929D6E8F4007FE8C4 /* Assets.xcassets */ = {isa = PBXFileReference; lastKnownFileType = folder.assetcatalog; path = Assets.xcassets; sourceTree = "<group>"; };
		5ADA553C29D6E8F4007FE8C4 /* Preview Assets.xcassets */ = {isa = PBXFileReference; lastKnownFileType = folder.assetcatalog; path = "Preview Assets.xcassets"; sourceTree = "<group>"; };
		5ADA554929D6E944007FE8C4 /* CoreData+Extansions.swift */ = {isa = PBXFileReference; fileEncoding = 4; lastKnownFileType = sourcecode.swift; path = "CoreData+Extansions.swift"; sourceTree = "<group>"; };
		5ADA554B29D6E961007FE8C4 /* PersistenceController.swift */ = {isa = PBXFileReference; fileEncoding = 4; lastKnownFileType = sourcecode.swift; path = PersistenceController.swift; sourceTree = "<group>"; };
		5ADA554F29D6E972007FE8C4 /* CoreDataContainer.xcdatamodel */ = {isa = PBXFileReference; lastKnownFileType = wrapper.xcdatamodel; path = CoreDataContainer.xcdatamodel; sourceTree = "<group>"; };
		5ADA555129D6E995007FE8C4 /* CoreDataManager.swift */ = {isa = PBXFileReference; fileEncoding = 4; lastKnownFileType = sourcecode.swift; path = CoreDataManager.swift; sourceTree = "<group>"; };
		5ADA555429D6F499007FE8C4 /* TransactionEntity.swift */ = {isa = PBXFileReference; lastKnownFileType = sourcecode.swift; path = TransactionEntity.swift; sourceTree = "<group>"; };
		5ADA555729D6F5AC007FE8C4 /* Date+ext.swift */ = {isa = PBXFileReference; lastKnownFileType = sourcecode.swift; path = "Date+ext.swift"; sourceTree = "<group>"; };
		5ADA555929D70598007FE8C4 /* AccountEntity+Ext.swift */ = {isa = PBXFileReference; lastKnownFileType = sourcecode.swift; path = "AccountEntity+Ext.swift"; sourceTree = "<group>"; };
		5ADA555B29D70818007FE8C4 /* UserEntity.swift */ = {isa = PBXFileReference; lastKnownFileType = sourcecode.swift; path = UserEntity.swift; sourceTree = "<group>"; };
		5ADA555D29D70B75007FE8C4 /* TransactionStore.swift */ = {isa = PBXFileReference; lastKnownFileType = sourcecode.swift; path = TransactionStore.swift; sourceTree = "<group>"; };
		5ADA555F29D70C70007FE8C4 /* RootViewModel.swift */ = {isa = PBXFileReference; lastKnownFileType = sourcecode.swift; path = RootViewModel.swift; sourceTree = "<group>"; };
		5ADA556229D70E11007FE8C4 /* RootView.swift */ = {isa = PBXFileReference; lastKnownFileType = sourcecode.swift; path = RootView.swift; sourceTree = "<group>"; };
		5ADA556529D70E51007FE8C4 /* Preview.swift */ = {isa = PBXFileReference; lastKnownFileType = sourcecode.swift; path = Preview.swift; sourceTree = "<group>"; };
		5ADA556829D7105C007FE8C4 /* CurrencyView.swift */ = {isa = PBXFileReference; lastKnownFileType = sourcecode.swift; path = CurrencyView.swift; sourceTree = "<group>"; };
		5ADA556E29D710BA007FE8C4 /* Currency.swift */ = {isa = PBXFileReference; lastKnownFileType = sourcecode.swift; path = Currency.swift; sourceTree = "<group>"; };
		5ADA557029D71137007FE8C4 /* Double.swift */ = {isa = PBXFileReference; lastKnownFileType = sourcecode.swift; path = Double.swift; sourceTree = "<group>"; };
		5ADA557329D7176A007FE8C4 /* LineProgressView.swift */ = {isa = PBXFileReference; fileEncoding = 4; lastKnownFileType = sourcecode.swift; path = LineProgressView.swift; sourceTree = "<group>"; };
		5ADA557429D7176A007FE8C4 /* CircleProgressView.swift */ = {isa = PBXFileReference; fileEncoding = 4; lastKnownFileType = sourcecode.swift; path = CircleProgressView.swift; sourceTree = "<group>"; };
		5ADA557829D71A13007FE8C4 /* StatsView.swift */ = {isa = PBXFileReference; lastKnownFileType = sourcecode.swift; path = StatsView.swift; sourceTree = "<group>"; };
		5ADA557B29D71BB9007FE8C4 /* PieChartsView.swift */ = {isa = PBXFileReference; lastKnownFileType = sourcecode.swift; path = PieChartsView.swift; sourceTree = "<group>"; };
		5ADA557E29D71BFD007FE8C4 /* PieSlice.swift */ = {isa = PBXFileReference; lastKnownFileType = sourcecode.swift; path = PieSlice.swift; sourceTree = "<group>"; };
		5ADA558029D727D9007FE8C4 /* View+Ext.swift */ = {isa = PBXFileReference; lastKnownFileType = sourcecode.swift; path = "View+Ext.swift"; sourceTree = "<group>"; };
		5ADA558229D72C31007FE8C4 /* CategoryEntity.swift */ = {isa = PBXFileReference; lastKnownFileType = sourcecode.swift; path = CategoryEntity.swift; sourceTree = "<group>"; };
		5ADA558429D72D0A007FE8C4 /* CategoriesStore.swift */ = {isa = PBXFileReference; lastKnownFileType = sourcecode.swift; path = CategoriesStore.swift; sourceTree = "<group>"; };
		5ADA558729D7358C007FE8C4 /* CreateTransactionView.swift */ = {isa = PBXFileReference; lastKnownFileType = sourcecode.swift; path = CreateTransactionView.swift; sourceTree = "<group>"; };
		5ADA558929D7361E007FE8C4 /* TransactionType.swift */ = {isa = PBXFileReference; lastKnownFileType = sourcecode.swift; path = TransactionType.swift; sourceTree = "<group>"; };
		5ADA558B29D736EE007FE8C4 /* String.swift */ = {isa = PBXFileReference; lastKnownFileType = sourcecode.swift; path = String.swift; sourceTree = "<group>"; };
		5ADA558E29D7378D007FE8C4 /* NumberTextField.swift */ = {isa = PBXFileReference; lastKnownFileType = sourcecode.swift; path = NumberTextField.swift; sourceTree = "<group>"; };
		5ADA559029D737B8007FE8C4 /* CreateTransactionViewModel.swift */ = {isa = PBXFileReference; lastKnownFileType = sourcecode.swift; path = CreateTransactionViewModel.swift; sourceTree = "<group>"; };
/* End PBXFileReference section */

/* Begin PBXFrameworksBuildPhase section */
		5ADA552F29D6E8F2007FE8C4 /* Frameworks */ = {
			isa = PBXFrameworksBuildPhase;
			buildActionMask = 2147483647;
			files = (
				5AD358F929DB19800035E1D3 /* Algorithms in Frameworks */,
			);
			runOnlyForDeploymentPostprocessing = 0;
		};
/* End PBXFrameworksBuildPhase section */

/* Begin PBXGroup section */
		5AD358E629DACB000035E1D3 /* Helper */ = {
			isa = PBXGroup;
			children = (
				5AD358E729DACB0B0035E1D3 /* Helper.swift */,
			);
			path = Helper;
			sourceTree = "<group>";
		};
		5AD358EB29DADA9A0035E1D3 /* UserService */ = {
			isa = PBXGroup;
			children = (
				5AD358EC29DADAB70035E1D3 /* UserService.swift */,
			);
			path = UserService;
			sourceTree = "<group>";
		};
		5AD358F029DAF2870035E1D3 /* CreateCategoryView */ = {
			isa = PBXGroup;
			children = (
				5AD358F129DAF29A0035E1D3 /* CreateCategoryView.swift */,
			);
			path = CreateCategoryView;
			sourceTree = "<group>";
		};
		5AD3590029DC594F0035E1D3 /* Datepicker */ = {
			isa = PBXGroup;
			children = (
				5AD3590129DC595B0035E1D3 /* CustomDatePickerView.swift */,
			);
			path = Datepicker;
			sourceTree = "<group>";
		};
		5ADA552929D6E8F2007FE8C4 = {
			isa = PBXGroup;
			children = (
				5ADA553429D6E8F2007FE8C4 /* Finances Helper */,
				5ADA553329D6E8F2007FE8C4 /* Products */,
			);
			sourceTree = "<group>";
		};
		5ADA553329D6E8F2007FE8C4 /* Products */ = {
			isa = PBXGroup;
			children = (
				5ADA553229D6E8F2007FE8C4 /* Finances Helper.app */,
			);
			name = Products;
			sourceTree = "<group>";
		};
		5ADA553429D6E8F2007FE8C4 /* Finances Helper */ = {
			isa = PBXGroup;
			children = (
				5ADA556D29D71085007FE8C4 /* Models */,
				5ADA554729D6E910007FE8C4 /* App */,
				5ADA554629D6E907007FE8C4 /* ViewModels */,
				5ADA554529D6E902007FE8C4 /* Views */,
				5ADA554429D6E8FF007FE8C4 /* Utils */,
				5ADA554329D6E8F7007FE8C4 /* Service */,
				5ADA553929D6E8F4007FE8C4 /* Assets.xcassets */,
				5ADA553B29D6E8F4007FE8C4 /* Preview Content */,
			);
			path = "Finances Helper";
			sourceTree = "<group>";
		};
		5ADA553B29D6E8F4007FE8C4 /* Preview Content */ = {
			isa = PBXGroup;
			children = (
				5ADA553C29D6E8F4007FE8C4 /* Preview Assets.xcassets */,
			);
			path = "Preview Content";
			sourceTree = "<group>";
		};
		5ADA554329D6E8F7007FE8C4 /* Service */ = {
			isa = PBXGroup;
			children = (
				5AD358EB29DADA9A0035E1D3 /* UserService */,
				5ADA555329D6F486007FE8C4 /* Model+Extansions */,
				5ADA554829D6E919007FE8C4 /* CoreData */,
			);
			path = Service;
			sourceTree = "<group>";
		};
		5ADA554429D6E8FF007FE8C4 /* Utils */ = {
			isa = PBXGroup;
			children = (
				5AD358E629DACB000035E1D3 /* Helper */,
				5ADA555629D6F59B007FE8C4 /* Extensions */,
			);
			path = Utils;
			sourceTree = "<group>";
		};
		5ADA554529D6E902007FE8C4 /* Views */ = {
			isa = PBXGroup;
			children = (
				5ADA558629D73575007FE8C4 /* CreateTransaction */,
				5ADA556729D7104F007FE8C4 /* ViewComponens */,
				5ADA556129D70E06007FE8C4 /* RootView */,
			);
			path = Views;
			sourceTree = "<group>";
		};
		5ADA554629D6E907007FE8C4 /* ViewModels */ = {
			isa = PBXGroup;
			children = (
				5ADA555F29D70C70007FE8C4 /* RootViewModel.swift */,
				5ADA559029D737B8007FE8C4 /* CreateTransactionViewModel.swift */,
			);
			path = ViewModels;
			sourceTree = "<group>";
		};
		5ADA554729D6E910007FE8C4 /* App */ = {
			isa = PBXGroup;
			children = (
				5ADA553529D6E8F2007FE8C4 /* Finances_HelperApp.swift */,
				5ADA553729D6E8F2007FE8C4 /* ContentView.swift */,
			);
			path = App;
			sourceTree = "<group>";
		};
		5ADA554829D6E919007FE8C4 /* CoreData */ = {
			isa = PBXGroup;
			children = (
				5ADA555129D6E995007FE8C4 /* CoreDataManager.swift */,
				5ADA554B29D6E961007FE8C4 /* PersistenceController.swift */,
				5ADA554929D6E944007FE8C4 /* CoreData+Extansions.swift */,
				5ADA554E29D6E972007FE8C4 /* CoreDataContainer.xcdatamodeld */,
				5ADA555D29D70B75007FE8C4 /* TransactionStore.swift */,
				5ADA558429D72D0A007FE8C4 /* CategoriesStore.swift */,
			);
			path = CoreData;
			sourceTree = "<group>";
		};
		5ADA555329D6F486007FE8C4 /* Model+Extansions */ = {
			isa = PBXGroup;
			children = (
				5ADA555429D6F499007FE8C4 /* TransactionEntity.swift */,
				5ADA555929D70598007FE8C4 /* AccountEntity+Ext.swift */,
				5ADA555B29D70818007FE8C4 /* UserEntity.swift */,
				5ADA558229D72C31007FE8C4 /* CategoryEntity.swift */,
			);
			path = "Model+Extansions";
			sourceTree = "<group>";
		};
		5ADA555629D6F59B007FE8C4 /* Extensions */ = {
			isa = PBXGroup;
			children = (
				5ADA555729D6F5AC007FE8C4 /* Date+ext.swift */,
				5ADA556529D70E51007FE8C4 /* Preview.swift */,
				5ADA557029D71137007FE8C4 /* Double.swift */,
				5ADA558029D727D9007FE8C4 /* View+Ext.swift */,
				5ADA558B29D736EE007FE8C4 /* String.swift */,
				5AD358E429DAC8A10035E1D3 /* Color.swift */,
			);
			path = Extensions;
			sourceTree = "<group>";
		};
		5ADA556129D70E06007FE8C4 /* RootView */ = {
			isa = PBXGroup;
			children = (
				5ADA557729D719FC007FE8C4 /* ViewComponents */,
				5ADA556229D70E11007FE8C4 /* RootView.swift */,
			);
			path = RootView;
			sourceTree = "<group>";
		};
		5ADA556729D7104F007FE8C4 /* ViewComponens */ = {
			isa = PBXGroup;
			children = (
				5AD3590029DC594F0035E1D3 /* Datepicker */,
				5ADA558D29D73772007FE8C4 /* TextFileds */,
				5ADA557A29D71BAC007FE8C4 /* Charts */,
				5ADA557229D7176A007FE8C4 /* ProgressBars */,
				5ADA556A29D71069007FE8C4 /* Currency */,
				5AD358E929DAD3A30035E1D3 /* TagLayout.swift */,
			);
			path = ViewComponens;
			sourceTree = "<group>";
		};
		5ADA556A29D71069007FE8C4 /* Currency */ = {
			isa = PBXGroup;
			children = (
				5ADA556829D7105C007FE8C4 /* CurrencyView.swift */,
			);
			path = Currency;
			sourceTree = "<group>";
		};
		5ADA556D29D71085007FE8C4 /* Models */ = {
			isa = PBXGroup;
			children = (
				5ADA556E29D710BA007FE8C4 /* Currency.swift */,
				5ADA558929D7361E007FE8C4 /* TransactionType.swift */,
				5AD358E229DAC0520035E1D3 /* ChartData.swift */,
				5AD358FC29DC38B90035E1D3 /* TransactionStatData.swift */,
			);
			path = Models;
			sourceTree = "<group>";
		};
		5ADA557229D7176A007FE8C4 /* ProgressBars */ = {
			isa = PBXGroup;
			children = (
				5ADA557329D7176A007FE8C4 /* LineProgressView.swift */,
				5ADA557429D7176A007FE8C4 /* CircleProgressView.swift */,
			);
			path = ProgressBars;
			sourceTree = "<group>";
		};
		5ADA557729D719FC007FE8C4 /* ViewComponents */ = {
			isa = PBXGroup;
			children = (
				5ADA557829D71A13007FE8C4 /* StatsView.swift */,
				5AD358F529DB0CA00035E1D3 /* CategoryTagsView.swift */,
				5AD358FA29DC33AD0035E1D3 /* TransactionNavigationTabView.swift */,
				5AD358FE29DC3E9C0035E1D3 /* TransactionsListView.swift */,
				5AD3590429DC5ADB0035E1D3 /* SheetDatePicker.swift */,
			);
			path = ViewComponents;
			sourceTree = "<group>";
		};
		5ADA557A29D71BAC007FE8C4 /* Charts */ = {
			isa = PBXGroup;
			children = (
				5ADA557D29D71BF0007FE8C4 /* PieChart */,
			);
			path = Charts;
			sourceTree = "<group>";
		};
		5ADA557D29D71BF0007FE8C4 /* PieChart */ = {
			isa = PBXGroup;
			children = (
				5ADA557B29D71BB9007FE8C4 /* PieChartsView.swift */,
				5ADA557E29D71BFD007FE8C4 /* PieSlice.swift */,
				5AD358E029DAC00F0035E1D3 /* DonutChart.swift */,
			);
			path = PieChart;
			sourceTree = "<group>";
		};
		5ADA558629D73575007FE8C4 /* CreateTransaction */ = {
			isa = PBXGroup;
			children = (
				5AD358F029DAF2870035E1D3 /* CreateCategoryView */,
				5ADA558729D7358C007FE8C4 /* CreateTransactionView.swift */,
				5AD358EE29DAE30C0035E1D3 /* CategoriesTagsView.swift */,
			);
			path = CreateTransaction;
			sourceTree = "<group>";
		};
		5ADA558D29D73772007FE8C4 /* TextFileds */ = {
			isa = PBXGroup;
			children = (
				5ADA558E29D7378D007FE8C4 /* NumberTextField.swift */,
			);
			path = TextFileds;
			sourceTree = "<group>";
		};
/* End PBXGroup section */

/* Begin PBXNativeTarget section */
		5ADA553129D6E8F2007FE8C4 /* Finances Helper */ = {
			isa = PBXNativeTarget;
			buildConfigurationList = 5ADA554029D6E8F4007FE8C4 /* Build configuration list for PBXNativeTarget "Finances Helper" */;
			buildPhases = (
				5ADA552E29D6E8F2007FE8C4 /* Sources */,
				5ADA552F29D6E8F2007FE8C4 /* Frameworks */,
				5ADA553029D6E8F2007FE8C4 /* Resources */,
			);
			buildRules = (
			);
			dependencies = (
			);
			name = "Finances Helper";
			packageProductDependencies = (
				5AD358F829DB19800035E1D3 /* Algorithms */,
			);
			productName = "Finances Helper";
			productReference = 5ADA553229D6E8F2007FE8C4 /* Finances Helper.app */;
			productType = "com.apple.product-type.application";
		};
/* End PBXNativeTarget section */

/* Begin PBXProject section */
		5ADA552A29D6E8F2007FE8C4 /* Project object */ = {
			isa = PBXProject;
			attributes = {
				BuildIndependentTargetsInParallel = 1;
				LastSwiftUpdateCheck = 1420;
				LastUpgradeCheck = 1420;
				TargetAttributes = {
					5ADA553129D6E8F2007FE8C4 = {
						CreatedOnToolsVersion = 14.2;
					};
				};
			};
			buildConfigurationList = 5ADA552D29D6E8F2007FE8C4 /* Build configuration list for PBXProject "Finances Helper" */;
			compatibilityVersion = "Xcode 14.0";
			developmentRegion = en;
			hasScannedForEncodings = 0;
			knownRegions = (
				en,
				Base,
			);
			mainGroup = 5ADA552929D6E8F2007FE8C4;
			packageReferences = (
				5AD358F729DB19800035E1D3 /* XCRemoteSwiftPackageReference "swift-algorithms" */,
			);
			productRefGroup = 5ADA553329D6E8F2007FE8C4 /* Products */;
			projectDirPath = "";
			projectRoot = "";
			targets = (
				5ADA553129D6E8F2007FE8C4 /* Finances Helper */,
			);
		};
/* End PBXProject section */

/* Begin PBXResourcesBuildPhase section */
		5ADA553029D6E8F2007FE8C4 /* Resources */ = {
			isa = PBXResourcesBuildPhase;
			buildActionMask = 2147483647;
			files = (
				5ADA553D29D6E8F4007FE8C4 /* Preview Assets.xcassets in Resources */,
				5ADA553A29D6E8F4007FE8C4 /* Assets.xcassets in Resources */,
			);
			runOnlyForDeploymentPostprocessing = 0;
		};
/* End PBXResourcesBuildPhase section */

/* Begin PBXSourcesBuildPhase section */
		5ADA552E29D6E8F2007FE8C4 /* Sources */ = {
			isa = PBXSourcesBuildPhase;
			buildActionMask = 2147483647;
			files = (
				5ADA557129D71137007FE8C4 /* Double.swift in Sources */,
				5AD358E129DAC00F0035E1D3 /* DonutChart.swift in Sources */,
				5AD358F629DB0CA00035E1D3 /* CategoryTagsView.swift in Sources */,
				5AD358E529DAC8A10035E1D3 /* Color.swift in Sources */,
				5AD358EA29DAD3A30035E1D3 /* TagLayout.swift in Sources */,
				5ADA557529D7176A007FE8C4 /* LineProgressView.swift in Sources */,
				5ADA555E29D70B75007FE8C4 /* TransactionStore.swift in Sources */,
				5ADA555229D6E995007FE8C4 /* CoreDataManager.swift in Sources */,
				5ADA555A29D70598007FE8C4 /* AccountEntity+Ext.swift in Sources */,
				5AD358FD29DC38B90035E1D3 /* TransactionStatData.swift in Sources */,
				5ADA553829D6E8F2007FE8C4 /* ContentView.swift in Sources */,
				5ADA557F29D71BFE007FE8C4 /* PieSlice.swift in Sources */,
				5ADA557C29D71BB9007FE8C4 /* PieChartsView.swift in Sources */,
				5ADA556F29D710BA007FE8C4 /* Currency.swift in Sources */,
				5ADA556629D70E51007FE8C4 /* Preview.swift in Sources */,
				5ADA558A29D7361E007FE8C4 /* TransactionType.swift in Sources */,
				5ADA558329D72C31007FE8C4 /* CategoryEntity.swift in Sources */,
				5ADA555C29D70818007FE8C4 /* UserEntity.swift in Sources */,
				5ADA556929D7105C007FE8C4 /* CurrencyView.swift in Sources */,
				5ADA558129D727D9007FE8C4 /* View+Ext.swift in Sources */,
				5ADA554A29D6E944007FE8C4 /* CoreData+Extansions.swift in Sources */,
				5ADA558F29D7378D007FE8C4 /* NumberTextField.swift in Sources */,
				5AD358ED29DADAB70035E1D3 /* UserService.swift in Sources */,
				5ADA555829D6F5AC007FE8C4 /* Date+ext.swift in Sources */,
				5ADA557629D7176A007FE8C4 /* CircleProgressView.swift in Sources */,
				5AD3590529DC5ADB0035E1D3 /* SheetDatePicker.swift in Sources */,
				5ADA558C29D736EE007FE8C4 /* String.swift in Sources */,
				5ADA558529D72D0A007FE8C4 /* CategoriesStore.swift in Sources */,
				5AD358E329DAC0520035E1D3 /* ChartData.swift in Sources */,
				5ADA553629D6E8F2007FE8C4 /* Finances_HelperApp.swift in Sources */,
				5AD358E829DACB0B0035E1D3 /* Helper.swift in Sources */,
				5ADA555529D6F499007FE8C4 /* TransactionEntity.swift in Sources */,
				5ADA556329D70E11007FE8C4 /* RootView.swift in Sources */,
				5AD358F229DAF29A0035E1D3 /* CreateCategoryView.swift in Sources */,
				5ADA557929D71A13007FE8C4 /* StatsView.swift in Sources */,
				5AD358FB29DC33AD0035E1D3 /* TransactionNavigationTabView.swift in Sources */,
				5AD358FF29DC3E9C0035E1D3 /* TransactionsListView.swift in Sources */,
				5ADA555029D6E972007FE8C4 /* CoreDataContainer.xcdatamodeld in Sources */,
				5ADA559129D737B8007FE8C4 /* CreateTransactionViewModel.swift in Sources */,
				5AD3590229DC595B0035E1D3 /* CustomDatePickerView.swift in Sources */,
				5ADA558829D7358C007FE8C4 /* CreateTransactionView.swift in Sources */,
				5ADA556029D70C70007FE8C4 /* RootViewModel.swift in Sources */,
				5ADA554C29D6E961007FE8C4 /* PersistenceController.swift in Sources */,
				5AD358EF29DAE30C0035E1D3 /* CategoriesTagsView.swift in Sources */,
			);
			runOnlyForDeploymentPostprocessing = 0;
		};
/* End PBXSourcesBuildPhase section */

/* Begin XCBuildConfiguration section */
		5ADA553E29D6E8F4007FE8C4 /* Debug */ = {
			isa = XCBuildConfiguration;
			buildSettings = {
				ALWAYS_SEARCH_USER_PATHS = NO;
				CLANG_ANALYZER_NONNULL = YES;
				CLANG_ANALYZER_NUMBER_OBJECT_CONVERSION = YES_AGGRESSIVE;
				CLANG_CXX_LANGUAGE_STANDARD = "gnu++20";
				CLANG_ENABLE_MODULES = YES;
				CLANG_ENABLE_OBJC_ARC = YES;
				CLANG_ENABLE_OBJC_WEAK = YES;
				CLANG_WARN_BLOCK_CAPTURE_AUTORELEASING = YES;
				CLANG_WARN_BOOL_CONVERSION = YES;
				CLANG_WARN_COMMA = YES;
				CLANG_WARN_CONSTANT_CONVERSION = YES;
				CLANG_WARN_DEPRECATED_OBJC_IMPLEMENTATIONS = YES;
				CLANG_WARN_DIRECT_OBJC_ISA_USAGE = YES_ERROR;
				CLANG_WARN_DOCUMENTATION_COMMENTS = YES;
				CLANG_WARN_EMPTY_BODY = YES;
				CLANG_WARN_ENUM_CONVERSION = YES;
				CLANG_WARN_INFINITE_RECURSION = YES;
				CLANG_WARN_INT_CONVERSION = YES;
				CLANG_WARN_NON_LITERAL_NULL_CONVERSION = YES;
				CLANG_WARN_OBJC_IMPLICIT_RETAIN_SELF = YES;
				CLANG_WARN_OBJC_LITERAL_CONVERSION = YES;
				CLANG_WARN_OBJC_ROOT_CLASS = YES_ERROR;
				CLANG_WARN_QUOTED_INCLUDE_IN_FRAMEWORK_HEADER = YES;
				CLANG_WARN_RANGE_LOOP_ANALYSIS = YES;
				CLANG_WARN_STRICT_PROTOTYPES = YES;
				CLANG_WARN_SUSPICIOUS_MOVE = YES;
				CLANG_WARN_UNGUARDED_AVAILABILITY = YES_AGGRESSIVE;
				CLANG_WARN_UNREACHABLE_CODE = YES;
				CLANG_WARN__DUPLICATE_METHOD_MATCH = YES;
				COPY_PHASE_STRIP = NO;
				DEBUG_INFORMATION_FORMAT = dwarf;
				ENABLE_STRICT_OBJC_MSGSEND = YES;
				ENABLE_TESTABILITY = YES;
				GCC_C_LANGUAGE_STANDARD = gnu11;
				GCC_DYNAMIC_NO_PIC = NO;
				GCC_NO_COMMON_BLOCKS = YES;
				GCC_OPTIMIZATION_LEVEL = 0;
				GCC_PREPROCESSOR_DEFINITIONS = (
					"DEBUG=1",
					"$(inherited)",
				);
				GCC_WARN_64_TO_32_BIT_CONVERSION = YES;
				GCC_WARN_ABOUT_RETURN_TYPE = YES_ERROR;
				GCC_WARN_UNDECLARED_SELECTOR = YES;
				GCC_WARN_UNINITIALIZED_AUTOS = YES_AGGRESSIVE;
				GCC_WARN_UNUSED_FUNCTION = YES;
				GCC_WARN_UNUSED_VARIABLE = YES;
				IPHONEOS_DEPLOYMENT_TARGET = 16.2;
				MTL_ENABLE_DEBUG_INFO = INCLUDE_SOURCE;
				MTL_FAST_MATH = YES;
				ONLY_ACTIVE_ARCH = YES;
				SDKROOT = iphoneos;
				SWIFT_ACTIVE_COMPILATION_CONDITIONS = DEBUG;
				SWIFT_OPTIMIZATION_LEVEL = "-Onone";
			};
			name = Debug;
		};
		5ADA553F29D6E8F4007FE8C4 /* Release */ = {
			isa = XCBuildConfiguration;
			buildSettings = {
				ALWAYS_SEARCH_USER_PATHS = NO;
				CLANG_ANALYZER_NONNULL = YES;
				CLANG_ANALYZER_NUMBER_OBJECT_CONVERSION = YES_AGGRESSIVE;
				CLANG_CXX_LANGUAGE_STANDARD = "gnu++20";
				CLANG_ENABLE_MODULES = YES;
				CLANG_ENABLE_OBJC_ARC = YES;
				CLANG_ENABLE_OBJC_WEAK = YES;
				CLANG_WARN_BLOCK_CAPTURE_AUTORELEASING = YES;
				CLANG_WARN_BOOL_CONVERSION = YES;
				CLANG_WARN_COMMA = YES;
				CLANG_WARN_CONSTANT_CONVERSION = YES;
				CLANG_WARN_DEPRECATED_OBJC_IMPLEMENTATIONS = YES;
				CLANG_WARN_DIRECT_OBJC_ISA_USAGE = YES_ERROR;
				CLANG_WARN_DOCUMENTATION_COMMENTS = YES;
				CLANG_WARN_EMPTY_BODY = YES;
				CLANG_WARN_ENUM_CONVERSION = YES;
				CLANG_WARN_INFINITE_RECURSION = YES;
				CLANG_WARN_INT_CONVERSION = YES;
				CLANG_WARN_NON_LITERAL_NULL_CONVERSION = YES;
				CLANG_WARN_OBJC_IMPLICIT_RETAIN_SELF = YES;
				CLANG_WARN_OBJC_LITERAL_CONVERSION = YES;
				CLANG_WARN_OBJC_ROOT_CLASS = YES_ERROR;
				CLANG_WARN_QUOTED_INCLUDE_IN_FRAMEWORK_HEADER = YES;
				CLANG_WARN_RANGE_LOOP_ANALYSIS = YES;
				CLANG_WARN_STRICT_PROTOTYPES = YES;
				CLANG_WARN_SUSPICIOUS_MOVE = YES;
				CLANG_WARN_UNGUARDED_AVAILABILITY = YES_AGGRESSIVE;
				CLANG_WARN_UNREACHABLE_CODE = YES;
				CLANG_WARN__DUPLICATE_METHOD_MATCH = YES;
				COPY_PHASE_STRIP = NO;
				DEBUG_INFORMATION_FORMAT = "dwarf-with-dsym";
				ENABLE_NS_ASSERTIONS = NO;
				ENABLE_STRICT_OBJC_MSGSEND = YES;
				GCC_C_LANGUAGE_STANDARD = gnu11;
				GCC_NO_COMMON_BLOCKS = YES;
				GCC_WARN_64_TO_32_BIT_CONVERSION = YES;
				GCC_WARN_ABOUT_RETURN_TYPE = YES_ERROR;
				GCC_WARN_UNDECLARED_SELECTOR = YES;
				GCC_WARN_UNINITIALIZED_AUTOS = YES_AGGRESSIVE;
				GCC_WARN_UNUSED_FUNCTION = YES;
				GCC_WARN_UNUSED_VARIABLE = YES;
				IPHONEOS_DEPLOYMENT_TARGET = 16.2;
				MTL_ENABLE_DEBUG_INFO = NO;
				MTL_FAST_MATH = YES;
				SDKROOT = iphoneos;
				SWIFT_COMPILATION_MODE = wholemodule;
				SWIFT_OPTIMIZATION_LEVEL = "-O";
				VALIDATE_PRODUCT = YES;
			};
			name = Release;
		};
		5ADA554129D6E8F4007FE8C4 /* Debug */ = {
			isa = XCBuildConfiguration;
			buildSettings = {
				ASSETCATALOG_COMPILER_APPICON_NAME = AppIcon;
				ASSETCATALOG_COMPILER_GLOBAL_ACCENT_COLOR_NAME = AccentColor;
				CODE_SIGN_STYLE = Automatic;
				CURRENT_PROJECT_VERSION = 1;
				DEVELOPMENT_ASSET_PATHS = "\"Finances Helper/Preview Content\"";
				DEVELOPMENT_TEAM = 3N69T4BSBA;
				ENABLE_PREVIEWS = YES;
				GENERATE_INFOPLIST_FILE = YES;
				INFOPLIST_KEY_UIApplicationSceneManifest_Generation = YES;
				INFOPLIST_KEY_UIApplicationSupportsIndirectInputEvents = YES;
				INFOPLIST_KEY_UILaunchScreen_Generation = YES;
				INFOPLIST_KEY_UISupportedInterfaceOrientations_iPad = "UIInterfaceOrientationPortrait UIInterfaceOrientationPortraitUpsideDown UIInterfaceOrientationLandscapeLeft UIInterfaceOrientationLandscapeRight";
				INFOPLIST_KEY_UISupportedInterfaceOrientations_iPhone = "UIInterfaceOrientationPortrait UIInterfaceOrientationLandscapeLeft UIInterfaceOrientationLandscapeRight";
				LD_RUNPATH_SEARCH_PATHS = (
					"$(inherited)",
					"@executable_path/Frameworks",
				);
				MARKETING_VERSION = 1.0;
				PRODUCT_BUNDLE_IDENTIFIER = "com.Artem.Finances-Helper";
				PRODUCT_NAME = "$(TARGET_NAME)";
				SWIFT_EMIT_LOC_STRINGS = YES;
				SWIFT_VERSION = 5.0;
				TARGETED_DEVICE_FAMILY = "1,2";
			};
			name = Debug;
		};
		5ADA554229D6E8F4007FE8C4 /* Release */ = {
			isa = XCBuildConfiguration;
			buildSettings = {
				ASSETCATALOG_COMPILER_APPICON_NAME = AppIcon;
				ASSETCATALOG_COMPILER_GLOBAL_ACCENT_COLOR_NAME = AccentColor;
				CODE_SIGN_STYLE = Automatic;
				CURRENT_PROJECT_VERSION = 1;
				DEVELOPMENT_ASSET_PATHS = "\"Finances Helper/Preview Content\"";
				DEVELOPMENT_TEAM = 3N69T4BSBA;
				ENABLE_PREVIEWS = YES;
				GENERATE_INFOPLIST_FILE = YES;
				INFOPLIST_KEY_UIApplicationSceneManifest_Generation = YES;
				INFOPLIST_KEY_UIApplicationSupportsIndirectInputEvents = YES;
				INFOPLIST_KEY_UILaunchScreen_Generation = YES;
				INFOPLIST_KEY_UISupportedInterfaceOrientations_iPad = "UIInterfaceOrientationPortrait UIInterfaceOrientationPortraitUpsideDown UIInterfaceOrientationLandscapeLeft UIInterfaceOrientationLandscapeRight";
				INFOPLIST_KEY_UISupportedInterfaceOrientations_iPhone = "UIInterfaceOrientationPortrait UIInterfaceOrientationLandscapeLeft UIInterfaceOrientationLandscapeRight";
				LD_RUNPATH_SEARCH_PATHS = (
					"$(inherited)",
					"@executable_path/Frameworks",
				);
				MARKETING_VERSION = 1.0;
				PRODUCT_BUNDLE_IDENTIFIER = "com.Artem.Finances-Helper";
				PRODUCT_NAME = "$(TARGET_NAME)";
				SWIFT_EMIT_LOC_STRINGS = YES;
				SWIFT_VERSION = 5.0;
				TARGETED_DEVICE_FAMILY = "1,2";
			};
			name = Release;
		};
/* End XCBuildConfiguration section */

/* Begin XCConfigurationList section */
		5ADA552D29D6E8F2007FE8C4 /* Build configuration list for PBXProject "Finances Helper" */ = {
			isa = XCConfigurationList;
			buildConfigurations = (
				5ADA553E29D6E8F4007FE8C4 /* Debug */,
				5ADA553F29D6E8F4007FE8C4 /* Release */,
			);
			defaultConfigurationIsVisible = 0;
			defaultConfigurationName = Release;
		};
		5ADA554029D6E8F4007FE8C4 /* Build configuration list for PBXNativeTarget "Finances Helper" */ = {
			isa = XCConfigurationList;
			buildConfigurations = (
				5ADA554129D6E8F4007FE8C4 /* Debug */,
				5ADA554229D6E8F4007FE8C4 /* Release */,
			);
			defaultConfigurationIsVisible = 0;
			defaultConfigurationName = Release;
		};
/* End XCConfigurationList section */

/* Begin XCRemoteSwiftPackageReference section */
		5AD358F729DB19800035E1D3 /* XCRemoteSwiftPackageReference "swift-algorithms" */ = {
			isa = XCRemoteSwiftPackageReference;
			repositoryURL = "https://github.com/apple/swift-algorithms.git";
			requirement = {
				kind = upToNextMajorVersion;
				minimumVersion = 1.0.0;
			};
		};
/* End XCRemoteSwiftPackageReference section */

/* Begin XCSwiftPackageProductDependency section */
		5AD358F829DB19800035E1D3 /* Algorithms */ = {
			isa = XCSwiftPackageProductDependency;
			package = 5AD358F729DB19800035E1D3 /* XCRemoteSwiftPackageReference "swift-algorithms" */;
			productName = Algorithms;
		};
/* End XCSwiftPackageProductDependency section */

/* Begin XCVersionGroup section */
		5ADA554E29D6E972007FE8C4 /* CoreDataContainer.xcdatamodeld */ = {
			isa = XCVersionGroup;
			children = (
				5ADA554F29D6E972007FE8C4 /* CoreDataContainer.xcdatamodel */,
			);
			currentVersion = 5ADA554F29D6E972007FE8C4 /* CoreDataContainer.xcdatamodel */;
			path = CoreDataContainer.xcdatamodeld;
			sourceTree = "<group>";
			versionGroupType = wrapper.xcdatamodel;
		};
/* End XCVersionGroup section */
	};
	rootObject = 5ADA552A29D6E8F2007FE8C4 /* Project object */;
}
